
Microsoft Visual Studio Solution File, Format Version 12.00
# Visual Studio 2013
VisualStudioVersion = 12.0.31101.0
MinimumVisualStudioVersion = 10.0.40219.1
Project("{FAE04EC0-301F-11D3-BF4B-00C04F79EFBC}") = "WitSyncEngine", "WitSyncEngine\WitSyncEngine.csproj", "{8F408D81-B633-4129-876B-001A16AE5D83}"
EndProject
Project("{FAE04EC0-301F-11D3-BF4B-00C04F79EFBC}") = "WitSyncEngine.Tests", "WitSyncEngine.Tests\WitSyncEngine.Tests.csproj", "{2F05885C-4A6F-4266-A3D8-A3A865AF5835}"
EndProject
Project("{FAE04EC0-301F-11D3-BF4B-00C04F79EFBC}") = "WitSync", "WitSync\WitSync.csproj", "{2AB9044B-5CB3-41DE-BCDA-B384F6B44292}"
EndProject
Project("{2150E333-8FDC-42A3-9474-1A3956D46DE8}") = "Solution Items", "Solution Items", "{9A96570A-3F5D-4257-A6F8-23218CAE28EC}"
	ProjectSection(SolutionItems) = preProject
		appveyor.yml = appveyor.yml
		LICENSE.txt = LICENSE.txt
		README.md = README.md
	EndProjectSection
EndProject
Project("{2150E333-8FDC-42A3-9474-1A3956D46DE8}") = "docs", "docs", "{839A4A1F-2FBC-4C82-B3B2-660966A056F5}"
	ProjectSection(SolutionItems) = preProject
		docs\CommandLineOptions.md = docs\CommandLineOptions.md
		docs\Introduction.md = docs\Introduction.md
		docs\Mapping.md = docs\Mapping.md
	EndProjectSection
EndProject
Project("{2150E333-8FDC-42A3-9474-1A3956D46DE8}") = "build", "build", "{3B935B27-CE33-400E-AE65-A3234D050F6B}"
	ProjectSection(SolutionItems) = preProject
		appveyor.yml = appveyor.yml
		build\NuGet.exe = build\NuGet.exe
		build\SetVersion.targets = build\SetVersion.targets
		build\Version.properties = build\Version.properties
		build\WitSync.nuspec = build\WitSync.nuspec
	EndProjectSection
EndProject
Project("{FAE04EC0-301F-11D3-BF4B-00C04F79EFBC}") = "WitSyncGUI", "WitSyncGUI\WitSyncGUI.csproj", "{1246D28D-7064-4F58-BCE9-38FEDB9E2B8C}"
EndProject
Global
	GlobalSection(SolutionConfigurationPlatforms) = preSolution
		Debug|Any CPU = Debug|Any CPU
		Debug|Mixed Platforms = Debug|Mixed Platforms
		Debug|x86 = Debug|x86
		Release|Any CPU = Release|Any CPU
		Release|Mixed Platforms = Release|Mixed Platforms
		Release|x86 = Release|x86
	EndGlobalSection
	GlobalSection(ProjectConfigurationPlatforms) = postSolution
		{8F408D81-B633-4129-876B-001A16AE5D83}.Debug|Any CPU.ActiveCfg = Debug|Any CPU
		{8F408D81-B633-4129-876B-001A16AE5D83}.Debug|Any CPU.Build.0 = Debug|Any CPU
		{8F408D81-B633-4129-876B-001A16AE5D83}.Debug|Mixed Platforms.ActiveCfg = Debug|Any CPU
		{8F408D81-B633-4129-876B-001A16AE5D83}.Debug|Mixed Platforms.Build.0 = Debug|Any CPU
		{8F408D81-B633-4129-876B-001A16AE5D83}.Debug|x86.ActiveCfg = Debug|Any CPU
		{8F408D81-B633-4129-876B-001A16AE5D83}.Release|Any CPU.ActiveCfg = Release|Any CPU
		{8F408D81-B633-4129-876B-001A16AE5D83}.Release|Any CPU.Build.0 = Release|Any CPU
		{8F408D81-B633-4129-876B-001A16AE5D83}.Release|Mixed Platforms.ActiveCfg = Release|Any CPU
		{8F408D81-B633-4129-876B-001A16AE5D83}.Release|Mixed Platforms.Build.0 = Release|Any CPU
		{8F408D81-B633-4129-876B-001A16AE5D83}.Release|x86.ActiveCfg = Release|Any CPU
		{2F05885C-4A6F-4266-A3D8-A3A865AF5835}.Debug|Any CPU.ActiveCfg = Debug|Any CPU
		{2F05885C-4A6F-4266-A3D8-A3A865AF5835}.Debug|Any CPU.Build.0 = Debug|Any CPU
		{2F05885C-4A6F-4266-A3D8-A3A865AF5835}.Debug|Mixed Platforms.ActiveCfg = Debug|Any CPU
		{2F05885C-4A6F-4266-A3D8-A3A865AF5835}.Debug|Mixed Platforms.Build.0 = Debug|Any CPU
		{2F05885C-4A6F-4266-A3D8-A3A865AF5835}.Debug|x86.ActiveCfg = Debug|Any CPU
		{2F05885C-4A6F-4266-A3D8-A3A865AF5835}.Release|Any CPU.ActiveCfg = Release|Any CPU
		{2F05885C-4A6F-4266-A3D8-A3A865AF5835}.Release|Any CPU.Build.0 = Release|Any CPU
		{2F05885C-4A6F-4266-A3D8-A3A865AF5835}.Release|Mixed Platforms.ActiveCfg = Release|Any CPU
		{2F05885C-4A6F-4266-A3D8-A3A865AF5835}.Release|Mixed Platforms.Build.0 = Release|Any CPU
		{2F05885C-4A6F-4266-A3D8-A3A865AF5835}.Release|x86.ActiveCfg = Release|Any CPU
		{2AB9044B-5CB3-41DE-BCDA-B384F6B44292}.Debug|Any CPU.ActiveCfg = Debug|Any CPU
		{2AB9044B-5CB3-41DE-BCDA-B384F6B44292}.Debug|Any CPU.Build.0 = Debug|Any CPU
		{2AB9044B-5CB3-41DE-BCDA-B384F6B44292}.Debug|Mixed Platforms.ActiveCfg = Debug|Any CPU
		{2AB9044B-5CB3-41DE-BCDA-B384F6B44292}.Debug|Mixed Platforms.Build.0 = Debug|Any CPU
		{2AB9044B-5CB3-41DE-BCDA-B384F6B44292}.Debug|x86.ActiveCfg = Debug|Any CPU
		{2AB9044B-5CB3-41DE-BCDA-B384F6B44292}.Release|Any CPU.ActiveCfg = Release|Any CPU
		{2AB9044B-5CB3-41DE-BCDA-B384F6B44292}.Release|Any CPU.Build.0 = Release|Any CPU
		{2AB9044B-5CB3-41DE-BCDA-B384F6B44292}.Release|Mixed Platforms.ActiveCfg = Release|Any CPU
		{2AB9044B-5CB3-41DE-BCDA-B384F6B44292}.Release|Mixed Platforms.Build.0 = Release|Any CPU
		{2AB9044B-5CB3-41DE-BCDA-B384F6B44292}.Release|x86.ActiveCfg = Release|Any CPU
		{1246D28D-7064-4F58-BCE9-38FEDB9E2B8C}.Debug|Any CPU.ActiveCfg = Debug|Any CPU
		{1246D28D-7064-4F58-BCE9-38FEDB9E2B8C}.Debug|Any CPU.Build.0 = Debug|Any CPU
		{1246D28D-7064-4F58-BCE9-38FEDB9E2B8C}.Debug|Mixed Platforms.ActiveCfg = Debug|Any CPU
		{1246D28D-7064-4F58-BCE9-38FEDB9E2B8C}.Debug|Mixed Platforms.Build.0 = Debug|Any CPU
		{1246D28D-7064-4F58-BCE9-38FEDB9E2B8C}.Debug|x86.ActiveCfg = Debug|Any CPU
		{1246D28D-7064-4F58-BCE9-38FEDB9E2B8C}.Release|Any CPU.ActiveCfg = Release|Any CPU
		{1246D28D-7064-4F58-BCE9-38FEDB9E2B8C}.Release|Any CPU.Build.0 = Release|Any CPU
		{1246D28D-7064-4F58-BCE9-38FEDB9E2B8C}.Release|Mixed Platforms.ActiveCfg = Release|Any CPU
		{1246D28D-7064-4F58-BCE9-38FEDB9E2B8C}.Release|Mixed Platforms.Build.0 = Release|Any CPU
		{1246D28D-7064-4F58-BCE9-38FEDB9E2B8C}.Release|x86.ActiveCfg = Release|Any CPU
	EndGlobalSection
	GlobalSection(SolutionProperties) = preSolution
		HideSolutionNode = FALSE
	EndGlobalSection
	GlobalSection(NestedProjects) = preSolution
		{839A4A1F-2FBC-4C82-B3B2-660966A056F5} = {9A96570A-3F5D-4257-A6F8-23218CAE28EC}
		{3B935B27-CE33-400E-AE65-A3234D050F6B} = {9A96570A-3F5D-4257-A6F8-23218CAE28EC}
	EndGlobalSection
EndGlobal
